
Microsoft Visual Studio Solution File, Format Version 12.00
# Visual Studio Version 17
VisualStudioVersion = 17.3.32819.101
MinimumVisualStudioVersion = 10.0.40219.1
Project("{FAE04EC0-301F-11D3-BF4B-00C04F79EFBC}") = "DishesMVC", "DishesMVC\DishesMVC.csproj", "{F86B16E9-E8AD-4090-B01C-60806ED37DD7}"
EndProject
Global
	GlobalSection(SolutionConfigurationPlatforms) = preSolution
		Debug|Any CPU = Debug|Any CPU
		Release|Any CPU = Release|Any CPU
	EndGlobalSection
	GlobalSection(ProjectConfigurationPlatforms) = postSolution
		{F86B16E9-E8AD-4090-B01C-60806ED37DD7}.Debug|Any CPU.ActiveCfg = Debug|Any CPU
		{F86B16E9-E8AD-4090-B01C-60806ED37DD7}.Debug|Any CPU.Build.0 = Debug|Any CPU
		{F86B16E9-E8AD-4090-B01C-60806ED37DD7}.Release|Any CPU.ActiveCfg = Release|Any CPU
		{F86B16E9-E8AD-4090-B01C-60806ED37DD7}.Release|Any CPU.Build.0 = Release|Any CPU
	EndGlobalSection
	GlobalSection(SolutionProperties) = preSolution
		HideSolutionNode = FALSE
	EndGlobalSection
	GlobalSection(ExtensibilityGlobals) = postSolution
		SolutionGuid = {5382E1D1-84B0-4AB2-930B-C18D70CB64AE}
	EndGlobalSection
EndGlobal
